
Microsoft Visual Studio Solution File, Format Version 12.00
Project("{FAE04EC0-301F-11D3-BF4B-00C04F79EFBC}") = "Petty", "Petty\Petty.csproj", "{21DF4B3C-6E71-4E62-BF47-7694DE181443}"
EndProject
Global
	GlobalSection(SolutionConfigurationPlatforms) = preSolution
		Debug|Any CPU = Debug|Any CPU
		Release|Any CPU = Release|Any CPU
	EndGlobalSection
	GlobalSection(ProjectConfigurationPlatforms) = postSolution
		{21DF4B3C-6E71-4E62-BF47-7694DE181443}.Debug|Any CPU.ActiveCfg = Debug|Any CPU
		{21DF4B3C-6E71-4E62-BF47-7694DE181443}.Debug|Any CPU.Build.0 = Debug|Any CPU
		{21DF4B3C-6E71-4E62-BF47-7694DE181443}.Release|Any CPU.ActiveCfg = Release|Any CPU
		{21DF4B3C-6E71-4E62-BF47-7694DE181443}.Release|Any CPU.Build.0 = Release|Any CPU
	EndGlobalSection
EndGlobal
